
Microsoft Visual Studio Solution File, Format Version 11.00
# Visual Studio 2010
Project("{8BC9CEB8-8B4A-11D0-8D11-00A0C91BC942}") = "imfc", "imfc\imfc.vcxproj", "{AB9CBB11-167F-4428-8FB5-E408DE84140F}"
EndProject
Global
	GlobalSection(SolutionConfigurationPlatforms) = preSolution
		Debug|Win32 = Debug|Win32
		Debug|x64 = Debug|x64
		Release|Win32 = Release|Win32
		Release|x64 = Release|x64
	EndGlobalSection
	GlobalSection(ProjectConfigurationPlatforms) = postSolution
		{AB9CBB11-167F-4428-8FB5-E408DE84140F}.Debug|Win32.ActiveCfg = Debug|Win32
		{AB9CBB11-167F-4428-8FB5-E408DE84140F}.Debug|Win32.Build.0 = Debug|Win32
		{AB9CBB11-167F-4428-8FB5-E408DE84140F}.Debug|x64.ActiveCfg = Release|x64
		{AB9CBB11-167F-4428-8FB5-E408DE84140F}.Debug|x64.Build.0 = Release|x64
		{AB9CBB11-167F-4428-8FB5-E408DE84140F}.Release|Win32.ActiveCfg = Release|Win32
		{AB9CBB11-167F-4428-8FB5-E408DE84140F}.Release|Win32.Build.0 = Release|Win32
		{AB9CBB11-167F-4428-8FB5-E408DE84140F}.Release|x64.ActiveCfg = Release|x64
		{AB9CBB11-167F-4428-8FB5-E408DE84140F}.Release|x64.Build.0 = Release|x64
	EndGlobalSection
	GlobalSection(SolutionProperties) = preSolution
		HideSolutionNode = FALSE
	EndGlobalSection
EndGlobal
